hash: 687baa0fbb28928f70a7a58e1dc3d97902a1154394a679d20a692b25e5c314ce
updated: 2018-05-24T10:52:44.393450079-06:00
imports:
- name: github.com/digitalocean/godo
  version: 51f18c0e42941703dc13d15bc0ad69aef6a49830
- name: github.com/golang/protobuf
  version: 3a3da3a4e26776cc22a79ef46d5d58477532dede
  subpackages:
  - proto
- name: github.com/google/go-querystring
  version: 53e6ce116135b80d037921a7fdd5138cf32d7a8a
  subpackages:
  - query
- name: github.com/robertkrimen/otto
  version: 03d472dc43abece8691e609a23d295ab732abba6
  subpackages:
  - ast
  - dbg
  - file
  - parser
  - registry
  - token
  - underscore
- name: github.com/stretchr/testify
  version: 12b6f73e6084dad08a7c6e575284b177ecafbc71
  subpackages:
  - assert
- name: github.com/tent/http-link-go
  version: ac974c61c2f990f4115b119354b5e0b47550e888
- name: golang.org/x/crypto
  version: 159ae71589f303f9fbfd7528413e0fe944b9c1cb
  subpackages:
  - curve25519
  - ed25519
  - ed25519/internal/edwards25519
  - internal/chacha20
  - poly1305
  - ssh
  - ssh/agent
  - ssh/terminal
- name: golang.org/x/net
  version: 9ef9f5bb98a1fdc41f8cf6c250a4404b4085e389
  subpackages:
  - context
  - context/ctxhttp
- name: golang.org/x/oauth2
  version: 770e5ebd4ab27c4d70b0983674d138217f5e2c72
  subpackages:
  - internal
- name: golang.org/x/sys
  version: 04b83988a018ef3ebffe1485df79d6499b76a4b4
  subpackages:
  - unix
  - windows
- name: google.golang.org/appengine
  version: b1f26356af11148e710935ed1ac8a7f5702c7612
  subpackages:
  - internal
  - internal/base
  - internal/datastore
  - internal/log
  - internal/remote_api
  - internal/urlfetch
  - urlfetch
- name: gopkg.in/readline.v1
  version: 62c6fe6193755f722b8b8788aa7357be55a50ff1
- name: gopkg.in/sourcemap.v1
  version: 6e83acea0053641eff084973fee085f0c193c61a
  subpackages:
  - base64vlq
testImports:
- name: github.com/davecgh/go-spew
  version: 8991bc29aa16c548c550c7ff78260e27b9ab7c73
  subpackages:
  - spew
- name: github.com/pmezard/go-difflib
  version: 792786c7400a136282c1664665ae0a8db921c6c2
  subpackages:
  - difflib
