hash: 3c582f1072bd1c28228f7120340483fd4098a564ec9061e1e9a286fb9d35a887
updated: 2017-07-10T15:56:56.421717383-04:00
imports:
- name: github.com/digitalocean/godo
  version: 4fa9e9d999007b447089056a1c581b5594f0f851
  subpackages:
  - context
- name: github.com/golang/protobuf
  version: 888eb0692c857ec880338addf316bd662d5e630e
  subpackages:
  - proto
- name: github.com/google/go-querystring
  version: 53e6ce116135b80d037921a7fdd5138cf32d7a8a
  subpackages:
  - query
- name: github.com/robertkrimen/otto
  version: bf1c3795ba078da6905fe80bfbc3ed3d8c36e9aa
  subpackages:
  - ast
  - dbg
  - file
  - parser
  - registry
  - token
  - underscore
- name: github.com/stretchr/testify
  version: 69483b4bd14f5845b5a1e55bca19e954e827f1d0
  subpackages:
  - assert
- name: github.com/tent/http-link-go
  version: ac974c61c2f990f4115b119354b5e0b47550e888
- name: golang.org/x/crypto
  version: 728b753d0135da6801d45a38e6f43ff55779c5c2
  subpackages:
  - curve25519
  - ed25519
  - ed25519/internal/edwards25519
  - ssh
  - ssh/agent
  - ssh/terminal
- name: golang.org/x/net
  version: 6a513affb38dc9788b449d59ffed099b8de18fa0
  subpackages:
  - context
  - context/ctxhttp
- name: golang.org/x/oauth2
  version: 1611bb46e67abc64a71ecc5c3ae67f1cbbc2b921
  subpackages:
  - internal
- name: golang.org/x/sys
  version: a646d33e2ee3172a661fc09bca23bb4889a41bc8
  subpackages:
  - unix
- name: google.golang.org/appengine
  version: 4f7eeb5305a4ba1966344836ba4af9996b7b4e05
  subpackages:
  - internal
  - internal/base
  - internal/datastore
  - internal/log
  - internal/remote_api
  - internal/urlfetch
  - urlfetch
- name: gopkg.in/readline.v1
  version: 62c6fe6193755f722b8b8788aa7357be55a50ff1
- name: gopkg.in/sourcemap.v1
  version: 6e83acea0053641eff084973fee085f0c193c61a
  subpackages:
  - base64vlq
testImports:
- name: github.com/davecgh/go-spew
  version: 04cdfd42973bb9c8589fd6a731800cf222fde1a9
  subpackages:
  - spew
- name: github.com/pmezard/go-difflib
  version: d8ed2627bdf02c080bf22230dbb337003b7aba2d
  subpackages:
  - difflib
